{
  "name": "myproject",
  "version": "1.0.0",
  "lockfileVersion": 3,
  "requires": true,
  "packages": {
    "": {
      "name": "myproject",
      "version": "1.0.0",
      "license": "ISC",
      "dependencies": {
        "bun": "^1.1.31"
      }
    },
    "node_modules/@oven/bun-darwin-aarch64": {
      "version": "1.1.31",
      "resolved": "https://registry.npmjs.org/@oven/bun-darwin-aarch64/-/bun-darwin-aarch64-1.1.31.tgz",
      "integrity": "sha512-9qwhVRMYJsczZOqR/m5Miu7AVQ+kNV3xeNK/L+j0m7vIr2fyqBhlRieShwyzQ5GOl95QfEJ4B30OnUqqwF7Uqg==",
      "cpu": [
        "arm64"
      ],
      "optional": true,
      "os": [
        "darwin"
      ]
    },
    "node_modules/@oven/bun-darwin-x64": {
      "version": "1.1.31",
      "resolved": "https://registry.npmjs.org/@oven/bun-darwin-x64/-/bun-darwin-x64-1.1.31.tgz",
      "integrity": "sha512-HAlTzVuD+JFg5Vw6EGNxTgMNTXtipuGZsiGdk7TMRNdkabecwHs4LoM9FwXVXCrksWp6IZ8hIsSgwLfoby/8cg==",
      "cpu": [
        "x64"
      ],
      "optional": true,
      "os": [
        "darwin"
      ]
    },
    "node_modules/@oven/bun-darwin-x64-baseline": {
      "version": "1.1.31",
      "resolved": "https://registry.npmjs.org/@oven/bun-darwin-x64-baseline/-/bun-darwin-x64-baseline-1.1.31.tgz",
      "integrity": "sha512-Ub3sR5JkPS+Jc2IoIQ8E+qMyRDdrPVFSCIITCuULP4f7CL9GL8Dh9yLZZjO/evCy1vZlIo9w7V+S0puKWv2FFg==",
      "cpu": [
        "x64"
      ],
      "optional": true,
      "os": [
        "darwin"
      ]
    },
    "node_modules/@oven/bun-linux-aarch64": {
      "version": "1.1.31",
      "resolved": "https://registry.npmjs.org/@oven/bun-linux-aarch64/-/bun-linux-aarch64-1.1.31.tgz",
      "integrity": "sha512-zovsX7G8D3G73Py6oVxJHjVzjob8W5vZc+0I6D5bX6Y9B5rOAGR2O2DrmFE1wRMK/XVnsaZaxNPdzsrFslKCJg==",
      "cpu": [
        "arm64"
      ],
      "optional": true,
      "os": [
        "linux"
      ]
    },
    "node_modules/@oven/bun-linux-x64": {
      "version": "1.1.31",
      "resolved": "https://registry.npmjs.org/@oven/bun-linux-x64/-/bun-linux-x64-1.1.31.tgz",
      "integrity": "sha512-XsJpDE/j5mJraI04G5b/cOOOTk/q9OJpFchZa2YHYMHcuEoFHkvPYc2M4+XMd5eKxRo1sXXerf6ManEkjOJYNA==",
      "cpu": [
        "x64"
      ],
      "optional": true,
      "os": [
        "linux"
      ]
    },
    "node_modules/@oven/bun-linux-x64-baseline": {
      "version": "1.1.31",
      "resolved": "https://registry.npmjs.org/@oven/bun-linux-x64-baseline/-/bun-linux-x64-baseline-1.1.31.tgz",
      "integrity": "sha512-EFdgHhxC0yiDl4ndwyZ3o41YvPCC4pLA6i2It1Se1irzuIhf6CopQ5UmlvwIDWMuGmnxjyhnzzKmJg8LUcFHow==",
      "cpu": [
        "x64"
      ],
      "optional": true,
      "os": [
        "linux"
      ]
    },
    "node_modules/@oven/bun-windows-x64": {
      "version": "1.1.31",
      "resolved": "https://registry.npmjs.org/@oven/bun-windows-x64/-/bun-windows-x64-1.1.31.tgz",
      "integrity": "sha512-2l2MQ7npabIbLz428DtECHzKCEgzd7M1ABpf9zS3F+mt3gllYj0A0oxBDND9oXNpLxb7ZQVtheBalQ5CW194cw==",
      "cpu": [
        "x64"
      ],
      "optional": true,
      "os": [
        "win32"
      ]
    },
    "node_modules/@oven/bun-windows-x64-baseline": {
      "version": "1.1.31",
      "resolved": "https://registry.npmjs.org/@oven/bun-windows-x64-baseline/-/bun-windows-x64-baseline-1.1.31.tgz",
      "integrity": "sha512-k2syX3WnEEbpzFzwBiy4HGyU6SL0toepRvqyelKEOgtu5Y0E7ELeqWS+dUb75HBh8cS/SV/Ge8C177XMGzuY1g==",
      "cpu": [
        "x64"
      ],
      "optional": true,
      "os": [
        "win32"
      ]
    },
    "node_modules/bun": {
      "version": "1.1.31",
      "resolved": "https://registry.npmjs.org/bun/-/bun-1.1.31.tgz",
      "integrity": "sha512-fUUKI4qergVXDn7Ng/porWyu3SDi/iovtX0NtGIhb3MHDtN9yy6PDZfylPGlYgRn0pVHW293GJm+a0sWvJy9FA==",
      "cpu": [
        "arm64",
        "x64"
      ],
      "hasInstallScript": true,
      "os": [
        "darwin",
        "linux",
        "win32"
      ],
      "bin": {
        "bun": "bin/bun.exe",
        "bunx": "bin/bun.exe"
      },
      "optionalDependencies": {
        "@oven/bun-darwin-aarch64": "1.1.31",
        "@oven/bun-darwin-x64": "1.1.31",
        "@oven/bun-darwin-x64-baseline": "1.1.31",
        "@oven/bun-linux-aarch64": "1.1.31",
        "@oven/bun-linux-x64": "1.1.31",
        "@oven/bun-linux-x64-baseline": "1.1.31",
        "@oven/bun-windows-x64": "1.1.31",
        "@oven/bun-windows-x64-baseline": "1.1.31"
      }
    }
  }
}
